// !$*UTF8*$!
{
	archiveVersion = 1;
	classes = {
	};
	objectVersion = 48;
	objects = {

/* Begin PBXBuildFile section */
		FA13F3B01F46C93700886921 /* AppDelegate.swift in Sources */ = {isa = PBXBuildFile; fileRef = FA13F3AF1F46C93700886921 /* AppDelegate.swift */; };
		FA13F3B21F46C93700886921 /* GameScene.sks in Resources */ = {isa = PBXBuildFile; fileRef = FA13F3B11F46C93700886921 /* GameScene.sks */; };
		FA13F3B41F46C93700886921 /* Actions.sks in Resources */ = {isa = PBXBuildFile; fileRef = FA13F3B31F46C93700886921 /* Actions.sks */; };
		FA13F3B61F46C93700886921 /* GameScene.swift in Sources */ = {isa = PBXBuildFile; fileRef = FA13F3B51F46C93700886921 /* GameScene.swift */; };
		FA13F3B81F46C93700886921 /* GameViewController.swift in Sources */ = {isa = PBXBuildFile; fileRef = FA13F3B71F46C93700886921 /* GameViewController.swift */; };
		FA13F3BB1F46C93700886921 /* Main.storyboard in Resources */ = {isa = PBXBuildFile; fileRef = FA13F3B91F46C93700886921 /* Main.storyboard */; };
		FA13F3BD1F46C93700886921 /* Assets.xcassets in Resources */ = {isa = PBXBuildFile; fileRef = FA13F3BC1F46C93700886921 /* Assets.xcassets */; };
		FA13F3C01F46C93700886921 /* LaunchScreen.storyboard in Resources */ = {isa = PBXBuildFile; fileRef = FA13F3BE1F46C93700886921 /* LaunchScreen.storyboard */; };
/* End PBXBuildFile section */

/* Begin PBXFileReference section */
		FA13F3AC1F46C93700886921 /* Coin Man.app */ = {isa = PBXFileReference; explicitFileType = wrapper.application; includeInIndex = 0; path = "Coin Man.app"; sourceTree = BUILT_PRODUCTS_DIR; };
		FA13F3AF1F46C93700886921 /* AppDelegate.swift */ = {isa = PBXFileReference; lastKnownFileType = sourcecode.swift; path = AppDelegate.swift; sourceTree = "<group>"; };
		FA13F3B11F46C93700886921 /* GameScene.sks */ = {isa = PBXFileReference; lastKnownFileType = file.sks; path = GameScene.sks; sourceTree = "<group>"; };
		FA13F3B31F46C93700886921 /* Actions.sks */ = {isa = PBXFileReference; lastKnownFileType = file.sks; path = Actions.sks; sourceTree = "<group>"; };
		FA13F3B51F46C93700886921 /* GameScene.swift */ = {isa = PBXFileReference; lastKnownFileType = sourcecode.swift; path = GameScene.swift; sourceTree = "<group>"; };
		FA13F3B71F46C93700886921 /* GameViewController.swift */ = {isa = PBXFileReference; lastKnownFileType = sourcecode.swift; path = GameViewController.swift; sourceTree = "<group>"; };
		FA13F3BA1F46C93700886921 /* Base */ = {isa = PBXFileReference; lastKnownFileType = file.storyboard; name = Base; path = Base.lproj/Main.storyboard; sourceTree = "<group>"; };
		FA13F3BC1F46C93700886921 /* Assets.xcassets */ = {isa = PBXFileReference; lastKnownFileType = folder.assetcatalog; path = Assets.xcassets; sourceTree = "<group>"; };
		FA13F3BF1F46C93700886921 /* Base */ = {isa = PBXFileReference; lastKnownFileType = file.storyboard; name = Base; path = Base.lproj/LaunchScreen.storyboard; sourceTree = "<group>"; };
		FA13F3C11F46C93700886921 /* Info.plist */ = {isa = PBXFileReference; lastKnownFileType = text.plist.xml; path = Info.plist; sourceTree = "<group>"; };
/* End PBXFileReference section */

/* Begin PBXFrameworksBuildPhase section */
		FA13F3A91F46C93700886921 /* Frameworks */ = {
			isa = PBXFrameworksBuildPhase;
			buildActionMask = 2147483647;
			files = (
			);
			runOnlyForDeploymentPostprocessing = 0;
		};
/* End PBXFrameworksBuildPhase section */

/* Begin PBXGroup section */
		FA13F3A31F46C93700886921 = {
			isa = PBXGroup;
			children = (
				FA13F3AE1F46C93700886921 /* Coin Man */,
				FA13F3AD1F46C93700886921 /* Products */,
			);
			sourceTree = "<group>";
		};
		FA13F3AD1F46C93700886921 /* Products */ = {
			isa = PBXGroup;
			children = (
				FA13F3AC1F46C93700886921 /* Coin Man.app */,
			);
			name = Products;
			sourceTree = "<group>";
		};
		FA13F3AE1F46C93700886921 /* Coin Man */ = {
			isa = PBXGroup;
			children = (
				FA13F3AF1F46C93700886921 /* AppDelegate.swift */,
				FA13F3B11F46C93700886921 /* GameScene.sks */,
				FA13F3B31F46C93700886921 /* Actions.sks */,
				FA13F3B51F46C93700886921 /* GameScene.swift */,
				FA13F3B71F46C93700886921 /* GameViewController.swift */,
				FA13F3B91F46C93700886921 /* Main.storyboard */,
				FA13F3BC1F46C93700886921 /* Assets.xcassets */,
				FA13F3BE1F46C93700886921 /* LaunchScreen.storyboard */,
				FA13F3C11F46C93700886921 /* Info.plist */,
			);
			path = "Coin Man";
			sourceTree = "<group>";
		};
/* End PBXGroup section */

/* Begin PBXNativeTarget section */
		FA13F3AB1F46C93700886921 /* Coin Man */ = {
			isa = PBXNativeTarget;
			buildConfigurationList = FA13F3C41F46C93700886921 /* Build configuration list for PBXNativeTarget "Coin Man" */;
			buildPhases = (
				FA13F3A81F46C93700886921 /* Sources */,
				FA13F3A91F46C93700886921 /* Frameworks */,
				FA13F3AA1F46C93700886921 /* Resources */,
			);
			buildRules = (
			);
			dependencies = (
			);
			name = "Coin Man";
			productName = "Coin Man";
			productReference = FA13F3AC1F46C93700886921 /* Coin Man.app */;
			productType = "com.apple.product-type.application";
		};
/* End PBXNativeTarget section */

/* Begin PBXProject section */
		FA13F3A41F46C93700886921 /* Project object */ = {
			isa = PBXProject;
			attributes = {
				LastSwiftUpdateCheck = 0900;
				LastUpgradeCheck = 0900;
				ORGANIZATIONNAME = "Alex Wong";
				TargetAttributes = {
					FA13F3AB1F46C93700886921 = {
						CreatedOnToolsVersion = 9.0;
					};
				};
			};
			buildConfigurationList = FA13F3A71F46C93700886921 /* Build configuration list for PBXProject "Coin Man" */;
			compatibilityVersion = "Xcode 8.0";
			developmentRegion = en;
			hasScannedForEncodings = 0;
			knownRegions = (
				en,
				Base,
			);
			mainGroup = FA13F3A31F46C93700886921;
			productRefGroup = FA13F3AD1F46C93700886921 /* Products */;
			projectDirPath = "";
			projectRoot = "";
			targets = (
				FA13F3AB1F46C93700886921 /* Coin Man */,
			);
		};
/* End PBXProject section */

/* Begin PBXResourcesBuildPhase section */
		FA13F3AA1F46C93700886921 /* Resources */ = {
			isa = PBXResourcesBuildPhase;
			buildActionMask = 2147483647;
			files = (
				FA13F3BB1F46C93700886921 /* Main.storyboard in Resources */,
				FA13F3B21F46C93700886921 /* GameScene.sks in Resources */,
				FA13F3BD1F46C93700886921 /* Assets.xcassets in Resources */,
				FA13F3C01F46C93700886921 /* LaunchScreen.storyboard in Resources */,
				FA13F3B41F46C93700886921 /* Actions.sks in Resources */,
			);
			runOnlyForDeploymentPostprocessing = 0;
		};
/* End PBXResourcesBuildPhase section */

/* Begin PBXSourcesBuildPhase section */
		FA13F3A81F46C93700886921 /* Sources */ = {
			isa = PBXSourcesBuildPhase;
			buildActionMask = 2147483647;
			files = (
				FA13F3B61F46C93700886921 /* GameScene.swift in Sources */,
				FA13F3B81F46C93700886921 /* GameViewController.swift in Sources */,
				FA13F3B01F46C93700886921 /* AppDelegate.swift in Sources */,
			);
			runOnlyForDeploymentPostprocessing = 0;
		};
/* End PBXSourcesBuildPhase section */

/* Begin PBXVariantGroup section */
		FA13F3B91F46C93700886921 /* Main.storyboard */ = {
			isa = PBXVariantGroup;
			children = (
				FA13F3BA1F46C93700886921 /* Base */,
			);
			name = Main.storyboard;
			sourceTree = "<group>";
		};
		FA13F3BE1F46C93700886921 /* LaunchScreen.storyboard */ = {
			isa = PBXVariantGroup;
			children = (
				FA13F3BF1F46C93700886921 /* Base */,
			);
			name = LaunchScreen.storyboard;
			sourceTree = "<group>";
		};
/* End PBXVariantGroup section */

/* Begin XCBuildConfiguration section */
		FA13F3C21F46C93700886921 /* Debug */ = {
			isa = XCBuildConfiguration;
			buildSettings = {
				ALWAYS_SEARCH_USER_PATHS = NO;
				CLANG_ANALYZER_NONNULL = YES;
				CLANG_ANALYZER_NUMBER_OBJECT_CONVERSION = YES_AGGRESSIVE;
				CLANG_CXX_LANGUAGE_STANDARD = "gnu++14";
				CLANG_CXX_LIBRARY = "libc++";
				CLANG_ENABLE_MODULES = YES;
				CLANG_ENABLE_OBJC_ARC = YES;
				CLANG_WARN_BLOCK_CAPTURE_AUTORELEASING = YES;
				CLANG_WARN_BOOL_CONVERSION = YES;
				CLANG_WARN_COMMA = YES;
				CLANG_WARN_CONSTANT_CONVERSION = YES;
				CLANG_WARN_DIRECT_OBJC_ISA_USAGE = YES_ERROR;
				CLANG_WARN_DOCUMENTATION_COMMENTS = YES;
				CLANG_WARN_EMPTY_BODY = YES;
				CLANG_WARN_ENUM_CONVERSION = YES;
				CLANG_WARN_INFINITE_RECURSION = YES;
				CLANG_WARN_INT_CONVERSION = YES;
				CLANG_WARN_NON_LITERAL_NULL_CONVERSION = YES;
				CLANG_WARN_OBJC_LITERAL_CONVERSION = YES;
				CLANG_WARN_OBJC_ROOT_CLASS = YES_ERROR;
				CLANG_WARN_RANGE_LOOP_ANALYSIS = YES;
				CLANG_WARN_STRICT_PROTOTYPES = YES;
				CLANG_WARN_SUSPICIOUS_MOVE = YES;
				CLANG_WARN_UNGUARDED_AVAILABILITY = YES_AGGRESSIVE;
				CLANG_WARN_UNREACHABLE_CODE = YES;
				CLANG_WARN__DUPLICATE_METHOD_MATCH = YES;
				CODE_SIGN_IDENTITY = "iPhone Developer";
				COPY_PHASE_STRIP = NO;
				DEBUG_INFORMATION_FORMAT = dwarf;
				ENABLE_STRICT_OBJC_MSGSEND = YES;
				ENABLE_TESTABILITY = YES;
				GCC_C_LANGUAGE_STANDARD = gnu11;
				GCC_DYNAMIC_NO_PIC = NO;
				GCC_NO_COMMON_BLOCKS = YES;
				GCC_OPTIMIZATION_LEVEL = 0;
				GCC_PREPROCESSOR_DEFINITIONS = (
					"DEBUG=1",
					"$(inherited)",
				);
				GCC_WARN_64_TO_32_BIT_CONVERSION = YES;
				GCC_WARN_ABOUT_RETURN_TYPE = YES_ERROR;
				GCC_WARN_UNDECLARED_SELECTOR = YES;
				GCC_WARN_UNINITIALIZED_AUTOS = YES_AGGRESSIVE;
				GCC_WARN_UNUSED_FUNCTION = YES;
				GCC_WARN_UNUSED_VARIABLE = YES;
				IPHONEOS_DEPLOYMENT_TARGET = 11.0;
				MTL_ENABLE_DEBUG_INFO = YES;
				ONLY_ACTIVE_ARCH = YES;
				SDKROOT = iphoneos;
				SWIFT_ACTIVE_COMPILATION_CONDITIONS = DEBUG;
				SWIFT_OPTIMIZATION_LEVEL = "-Onone";
			};
			name = Debug;
		};
		FA13F3C31F46C93700886921 /* Release */ = {
			isa = XCBuildConfiguration;
			buildSettings = {
				ALWAYS_SEARCH_USER_PATHS = NO;
				CLANG_ANALYZER_NONNULL = YES;
				CLANG_ANALYZER_NUMBER_OBJECT_CONVERSION = YES_AGGRESSIVE;
				CLANG_CXX_LANGUAGE_STANDARD = "gnu++14";
				CLANG_CXX_LIBRARY = "libc++";
				CLANG_ENABLE_MODULES = YES;
				CLANG_ENABLE_OBJC_ARC = YES;
				CLANG_WARN_BLOCK_CAPTURE_AUTORELEASING = YES;
				CLANG_WARN_BOOL_CONVERSION = YES;
				CLANG_WARN_COMMA = YES;
				CLANG_WARN_CONSTANT_CONVERSION = YES;
				CLANG_WARN_DIRECT_OBJC_ISA_USAGE = YES_ERROR;
				CLANG_WARN_DOCUMENTATION_COMMENTS = YES;
				CLANG_WARN_EMPTY_BODY = YES;
				CLANG_WARN_ENUM_CONVERSION = YES;
				CLANG_WARN_INFINITE_RECURSION = YES;
				CLANG_WARN_INT_CONVERSION = YES;
				CLANG_WARN_NON_LITERAL_NULL_CONVERSION = YES;
				CLANG_WARN_OBJC_LITERAL_CONVERSION = YES;
				CLANG_WARN_OBJC_ROOT_CLASS = YES_ERROR;
				CLANG_WARN_RANGE_LOOP_ANALYSIS = YES;
				CLANG_WARN_STRICT_PROTOTYPES = YES;
				CLANG_WARN_SUSPICIOUS_MOVE = YES;
				CLANG_WARN_UNGUARDED_AVAILABILITY = YES_AGGRESSIVE;
				CLANG_WARN_UNREACHABLE_CODE = YES;
				CLANG_WARN__DUPLICATE_METHOD_MATCH = YES;
				CODE_SIGN_IDENTITY = "iPhone Developer";
				COPY_PHASE_STRIP = NO;
				DEBUG_INFORMATION_FORMAT = "dwarf-with-dsym";
				ENABLE_NS_ASSERTIONS = NO;
				ENABLE_STRICT_OBJC_MSGSEND = YES;
				GCC_C_LANGUAGE_STANDARD = gnu11;
				GCC_NO_COMMON_BLOCKS = YES;
				GCC_WARN_64_TO_32_BIT_CONVERSION = YES;
				GCC_WARN_ABOUT_RETURN_TYPE = YES_ERROR;
				GCC_WARN_UNDECLARED_SELECTOR = YES;
				GCC_WARN_UNINITIALIZED_AUTOS = YES_AGGRESSIVE;
				GCC_WARN_UNUSED_FUNCTION = YES;
				GCC_WARN_UNUSED_VARIABLE = YES;
				IPHONEOS_DEPLOYMENT_TARGET = 11.0;
				MTL_ENABLE_DEBUG_INFO = NO;
				SDKROOT = iphoneos;
				SWIFT_OPTIMIZATION_LEVEL = "-Owholemodule";
				VALIDATE_PRODUCT = YES;
			};
			name = Release;
		};
		FA13F3C51F46C93700886921 /* Debug */ = {
			isa = XCBuildConfiguration;
			buildSettings = {
				ASSETCATALOG_COMPILER_APPICON_NAME = AppIcon;
				DEVELOPMENT_TEAM = 7DZAV3VM24;
				INFOPLIST_FILE = "Coin Man/Info.plist";
				LD_RUNPATH_SEARCH_PATHS = "$(inherited) @executable_path/Frameworks";
				PRODUCT_BUNDLE_IDENTIFIER = "com.alwongg.Coin-Man";
				PRODUCT_NAME = "$(TARGET_NAME)";
				SWIFT_VERSION = 4.0;
				TARGETED_DEVICE_FAMILY = "1,2";
			};
			name = Debug;
		};
		FA13F3C61F46C93700886921 /* Release */ = {
			isa = XCBuildConfiguration;
			buildSettings = {
				ASSETCATALOG_COMPILER_APPICON_NAME = AppIcon;
				DEVELOPMENT_TEAM = 7DZAV3VM24;
				INFOPLIST_FILE = "Coin Man/Info.plist";
				LD_RUNPATH_SEARCH_PATHS = "$(inherited) @executable_path/Frameworks";
				PRODUCT_BUNDLE_IDENTIFIER = "com.alwongg.Coin-Man";
				PRODUCT_NAME = "$(TARGET_NAME)";
				SWIFT_VERSION = 4.0;
				TARGETED_DEVICE_FAMILY = "1,2";
			};
			name = Release;
		};
/* End XCBuildConfiguration section */

/* Begin XCConfigurationList section */
		FA13F3A71F46C93700886921 /* Build configuration list for PBXProject "Coin Man" */ = {
			isa = XCConfigurationList;
			buildConfigurations = (
				FA13F3C21F46C93700886921 /* Debug */,
				FA13F3C31F46C93700886921 /* Release */,
			);
			defaultConfigurationIsVisible = 0;
			defaultConfigurationName = Release;
		};
		FA13F3C41F46C93700886921 /* Build configuration list for PBXNativeTarget "Coin Man" */ = {
			isa = XCConfigurationList;
			buildConfigurations = (
				FA13F3C51F46C93700886921 /* Debug */,
				FA13F3C61F46C93700886921 /* Release */,
			);
			defaultConfigurationIsVisible = 0;
			defaultConfigurationName = Release;
		};
/* End XCConfigurationList section */
	};
	rootObject = FA13F3A41F46C93700886921 /* Project object */;
}
